
Microsoft Visual Studio Solution File, Format Version 12.00
# Visual Studio Version 17
VisualStudioVersion = 17.4.33213.308
MinimumVisualStudioVersion = 10.0.40219.1
Project("{FAE04EC0-301F-11D3-BF4B-00C04F79EFBC}") = "CW2B_RP_Audi", "CW2B_RP_Audi\CW2B_RP_Audi.csproj", "{FC1EE3C5-3F4F-4887-8906-85B188C2C098}"
EndProject
Global
	GlobalSection(SolutionConfigurationPlatforms) = preSolution
		Debug|Any CPU = Debug|Any CPU
		Release|Any CPU = Release|Any CPU
	EndGlobalSection
	GlobalSection(ProjectConfigurationPlatforms) = postSolution
		{FC1EE3C5-3F4F-4887-8906-85B188C2C098}.Debug|Any CPU.ActiveCfg = Debug|Any CPU
		{FC1EE3C5-3F4F-4887-8906-85B188C2C098}.Debug|Any CPU.Build.0 = Debug|Any CPU
		{FC1EE3C5-3F4F-4887-8906-85B188C2C098}.Release|Any CPU.ActiveCfg = Release|Any CPU
		{FC1EE3C5-3F4F-4887-8906-85B188C2C098}.Release|Any CPU.Build.0 = Release|Any CPU
	EndGlobalSection
	GlobalSection(SolutionProperties) = preSolution
		HideSolutionNode = FALSE
	EndGlobalSection
	GlobalSection(ExtensibilityGlobals) = postSolution
		SolutionGuid = {4AC86591-E7CE-4D77-8ACD-7D8E1455684E}
	EndGlobalSection
EndGlobal
