
Microsoft Visual Studio Solution File, Format Version 12.00
# Visual Studio Version 17
VisualStudioVersion = 17.4.33205.214
MinimumVisualStudioVersion = 10.0.40219.1
Project("{FAE04EC0-301F-11D3-BF4B-00C04F79EFBC}") = "CW2b_Audi_WebApp", "CW2b_Audi_WebApp\CW2b_Audi_WebApp.csproj", "{A60538FF-5778-4A3F-9E07-D5AE5A8C19B3}"
EndProject
Global
	GlobalSection(SolutionConfigurationPlatforms) = preSolution
		Debug|Any CPU = Debug|Any CPU
		Release|Any CPU = Release|Any CPU
	EndGlobalSection
	GlobalSection(ProjectConfigurationPlatforms) = postSolution
		{A60538FF-5778-4A3F-9E07-D5AE5A8C19B3}.Debug|Any CPU.ActiveCfg = Debug|Any CPU
		{A60538FF-5778-4A3F-9E07-D5AE5A8C19B3}.Debug|Any CPU.Build.0 = Debug|Any CPU
		{A60538FF-5778-4A3F-9E07-D5AE5A8C19B3}.Release|Any CPU.ActiveCfg = Release|Any CPU
		{A60538FF-5778-4A3F-9E07-D5AE5A8C19B3}.Release|Any CPU.Build.0 = Release|Any CPU
	EndGlobalSection
	GlobalSection(SolutionProperties) = preSolution
		HideSolutionNode = FALSE
	EndGlobalSection
	GlobalSection(ExtensibilityGlobals) = postSolution
		SolutionGuid = {865309B7-FB5C-4207-9876-DE0E38950DF9}
	EndGlobalSection
EndGlobal
